
Microsoft Visual Studio Solution File, Format Version 12.00
# Visual Studio 2013
VisualStudioVersion = 12.0.30723.0
MinimumVisualStudioVersion = 10.0.40219.1
Project("{FAE04EC0-301F-11D3-BF4B-00C04F79EFBC}") = "JacksonJsonNetTranslator", "JacksonJsonNetTranslator\JacksonJsonNetTranslator.csproj", "{BA98D5A1-7BC1-44BB-A299-B4CD383DAEC9}"
EndProject
Project("{FAE04EC0-301F-11D3-BF4B-00C04F79EFBC}") = "Tests", "Tests\Tests.csproj", "{3A328D1C-BCBD-4779-9CC5-F61FA1045F8F}"
EndProject
Global
	GlobalSection(SolutionConfigurationPlatforms) = preSolution
		Debug|Any CPU = Debug|Any CPU
		Release|Any CPU = Release|Any CPU
	EndGlobalSection
	GlobalSection(ProjectConfigurationPlatforms) = postSolution
		{BA98D5A1-7BC1-44BB-A299-B4CD383DAEC9}.Debug|Any CPU.ActiveCfg = Debug|Any CPU
		{BA98D5A1-7BC1-44BB-A299-B4CD383DAEC9}.Debug|Any CPU.Build.0 = Debug|Any CPU
		{BA98D5A1-7BC1-44BB-A299-B4CD383DAEC9}.Release|Any CPU.ActiveCfg = Release|Any CPU
		{BA98D5A1-7BC1-44BB-A299-B4CD383DAEC9}.Release|Any CPU.Build.0 = Release|Any CPU
		{3A328D1C-BCBD-4779-9CC5-F61FA1045F8F}.Debug|Any CPU.ActiveCfg = Debug|Any CPU
		{3A328D1C-BCBD-4779-9CC5-F61FA1045F8F}.Debug|Any CPU.Build.0 = Debug|Any CPU
		{3A328D1C-BCBD-4779-9CC5-F61FA1045F8F}.Release|Any CPU.ActiveCfg = Release|Any CPU
		{3A328D1C-BCBD-4779-9CC5-F61FA1045F8F}.Release|Any CPU.Build.0 = Release|Any CPU
	EndGlobalSection
	GlobalSection(SolutionProperties) = preSolution
		HideSolutionNode = FALSE
	EndGlobalSection
EndGlobal
