
Microsoft Visual Studio Solution File, Format Version 12.00
# Visual Studio 2013
VisualStudioVersion = 12.0.30723.0
MinimumVisualStudioVersion = 10.0.40219.1
Project("{FAE04EC0-301F-11D3-BF4B-00C04F79EFBC}") = "JsonRpcClientDotNet", "JsonRpcClientDotNet\JsonRpcClientDotNet.csproj", "{29566273-6BAC-4912-AD15-07F435D41E98}"
EndProject
Project("{FAE04EC0-301F-11D3-BF4B-00C04F79EFBC}") = "ClientTests", "ClientTests\ClientTests.csproj", "{39B7FBB7-1D2C-4B08-B97A-D436F7CBA82E}"
EndProject
Project("{FAE04EC0-301F-11D3-BF4B-00C04F79EFBC}") = "ClientFunctionalTests", "ClientFunctionalTests\ClientFunctionalTests.csproj", "{B3D211B8-A4F4-4FBB-8C9A-5A9A27893C80}"
EndProject
Global
	GlobalSection(SolutionConfigurationPlatforms) = preSolution
		Debug|Any CPU = Debug|Any CPU
		Release|Any CPU = Release|Any CPU
	EndGlobalSection
	GlobalSection(ProjectConfigurationPlatforms) = postSolution
		{29566273-6BAC-4912-AD15-07F435D41E98}.Debug|Any CPU.ActiveCfg = Debug|Any CPU
		{29566273-6BAC-4912-AD15-07F435D41E98}.Debug|Any CPU.Build.0 = Debug|Any CPU
		{29566273-6BAC-4912-AD15-07F435D41E98}.Release|Any CPU.ActiveCfg = Release|Any CPU
		{29566273-6BAC-4912-AD15-07F435D41E98}.Release|Any CPU.Build.0 = Release|Any CPU
		{39B7FBB7-1D2C-4B08-B97A-D436F7CBA82E}.Debug|Any CPU.ActiveCfg = Debug|Any CPU
		{39B7FBB7-1D2C-4B08-B97A-D436F7CBA82E}.Debug|Any CPU.Build.0 = Debug|Any CPU
		{39B7FBB7-1D2C-4B08-B97A-D436F7CBA82E}.Release|Any CPU.ActiveCfg = Release|Any CPU
		{39B7FBB7-1D2C-4B08-B97A-D436F7CBA82E}.Release|Any CPU.Build.0 = Release|Any CPU
		{B3D211B8-A4F4-4FBB-8C9A-5A9A27893C80}.Debug|Any CPU.ActiveCfg = Debug|Any CPU
		{B3D211B8-A4F4-4FBB-8C9A-5A9A27893C80}.Debug|Any CPU.Build.0 = Debug|Any CPU
		{B3D211B8-A4F4-4FBB-8C9A-5A9A27893C80}.Release|Any CPU.ActiveCfg = Release|Any CPU
		{B3D211B8-A4F4-4FBB-8C9A-5A9A27893C80}.Release|Any CPU.Build.0 = Release|Any CPU
	EndGlobalSection
	GlobalSection(SolutionProperties) = preSolution
		HideSolutionNode = FALSE
	EndGlobalSection
EndGlobal
